
Microsoft Visual Studio Solution File, Format Version 12.00
# Visual Studio Version 17
VisualStudioVersion = 17.5.33424.131
MinimumVisualStudioVersion = 10.0.40219.1
Project("{FAE04EC0-301F-11D3-BF4B-00C04F79EFBC}") = "1.2", "1.2\1.2.csproj", "{9DFA9E99-4791-4E74-8F45-C7A9CFF1AC81}"
EndProject
Project("{FAE04EC0-301F-11D3-BF4B-00C04F79EFBC}") = "1.3", "1.3\1.3.csproj", "{F4A7B7C9-E0F5-4110-AE08-72CFD9E62B3D}"
EndProject
Project("{FAE04EC0-301F-11D3-BF4B-00C04F79EFBC}") = "1.3.2", "1.3.2\1.3.2.csproj", "{88099195-FF35-4A37-BE17-37C92E126772}"
EndProject
Project("{FAE04EC0-301F-11D3-BF4B-00C04F79EFBC}") = "1.3.3", "1.3.3\1.3.3.csproj", "{4E40CE36-D155-48F6-B4C0-7958BD338B46}"
EndProject
Project("{FAE04EC0-301F-11D3-BF4B-00C04F79EFBC}") = "1.4", "1.4\1.4.csproj", "{F831EDF0-C1AF-400B-9DBC-ED5A555F6EDA}"
EndProject
Global
	GlobalSection(SolutionConfigurationPlatforms) = preSolution
		Debug|Any CPU = Debug|Any CPU
		Release|Any CPU = Release|Any CPU
	EndGlobalSection
	GlobalSection(ProjectConfigurationPlatforms) = postSolution
		{9DFA9E99-4791-4E74-8F45-C7A9CFF1AC81}.Debug|Any CPU.ActiveCfg = Debug|Any CPU
		{9DFA9E99-4791-4E74-8F45-C7A9CFF1AC81}.Debug|Any CPU.Build.0 = Debug|Any CPU
		{9DFA9E99-4791-4E74-8F45-C7A9CFF1AC81}.Release|Any CPU.ActiveCfg = Release|Any CPU
		{9DFA9E99-4791-4E74-8F45-C7A9CFF1AC81}.Release|Any CPU.Build.0 = Release|Any CPU
		{F4A7B7C9-E0F5-4110-AE08-72CFD9E62B3D}.Debug|Any CPU.ActiveCfg = Debug|Any CPU
		{F4A7B7C9-E0F5-4110-AE08-72CFD9E62B3D}.Debug|Any CPU.Build.0 = Debug|Any CPU
		{F4A7B7C9-E0F5-4110-AE08-72CFD9E62B3D}.Release|Any CPU.ActiveCfg = Release|Any CPU
		{F4A7B7C9-E0F5-4110-AE08-72CFD9E62B3D}.Release|Any CPU.Build.0 = Release|Any CPU
		{88099195-FF35-4A37-BE17-37C92E126772}.Debug|Any CPU.ActiveCfg = Debug|Any CPU
		{88099195-FF35-4A37-BE17-37C92E126772}.Debug|Any CPU.Build.0 = Debug|Any CPU
		{88099195-FF35-4A37-BE17-37C92E126772}.Release|Any CPU.ActiveCfg = Release|Any CPU
		{88099195-FF35-4A37-BE17-37C92E126772}.Release|Any CPU.Build.0 = Release|Any CPU
		{4E40CE36-D155-48F6-B4C0-7958BD338B46}.Debug|Any CPU.ActiveCfg = Debug|Any CPU
		{4E40CE36-D155-48F6-B4C0-7958BD338B46}.Debug|Any CPU.Build.0 = Debug|Any CPU
		{4E40CE36-D155-48F6-B4C0-7958BD338B46}.Release|Any CPU.ActiveCfg = Release|Any CPU
		{4E40CE36-D155-48F6-B4C0-7958BD338B46}.Release|Any CPU.Build.0 = Release|Any CPU
		{F831EDF0-C1AF-400B-9DBC-ED5A555F6EDA}.Debug|Any CPU.ActiveCfg = Debug|Any CPU
		{F831EDF0-C1AF-400B-9DBC-ED5A555F6EDA}.Debug|Any CPU.Build.0 = Debug|Any CPU
		{F831EDF0-C1AF-400B-9DBC-ED5A555F6EDA}.Release|Any CPU.ActiveCfg = Release|Any CPU
		{F831EDF0-C1AF-400B-9DBC-ED5A555F6EDA}.Release|Any CPU.Build.0 = Release|Any CPU
	EndGlobalSection
	GlobalSection(SolutionProperties) = preSolution
		HideSolutionNode = FALSE
	EndGlobalSection
	GlobalSection(ExtensibilityGlobals) = postSolution
		SolutionGuid = {A5B96F34-C4AC-4A76-81CA-8F62B64B59E7}
	EndGlobalSection
EndGlobal
